Microsoft Visual Studio Solution File, Format Version 12.00
# Visual Studio Version 17
VisualStudioVersion = 17.5.2.0
MinimumVisualStudioVersion = 10.0.40219.1
Project("{FAE04EC0-301F-11D3-BF4B-00C04F79EFBC}") = "ApiBarbearia", "ApiBarbearia.csproj", "{005721CE-4466-B3F6-2B58-F089946135B3}"
EndProject
Global
	GlobalSection(SolutionConfigurationPlatforms) = preSolution
		Debug|Any CPU = Debug|Any CPU
		Release|Any CPU = Release|Any CPU
	EndGlobalSection
	GlobalSection(ProjectConfigurationPlatforms) = postSolution
		{005721CE-4466-B3F6-2B58-F089946135B3}.Debug|Any CPU.ActiveCfg = Debug|Any CPU
		{005721CE-4466-B3F6-2B58-F089946135B3}.Debug|Any CPU.Build.0 = Debug|Any CPU
		{005721CE-4466-B3F6-2B58-F089946135B3}.Release|Any CPU.ActiveCfg = Release|Any CPU
		{005721CE-4466-B3F6-2B58-F089946135B3}.Release|Any CPU.Build.0 = Release|Any CPU
	EndGlobalSection
	GlobalSection(SolutionProperties) = preSolution
		HideSolutionNode = FALSE
	EndGlobalSection
	GlobalSection(ExtensibilityGlobals) = postSolution
		SolutionGuid = {4E39AE5D-4D48-4BD6-BA49-741D035394E5}
	EndGlobalSection
EndGlobal
