Microsoft Visual Studio Solution File, Format Version 12.00
# Visual Studio Version 17
VisualStudioVersion = 17.5.2.0
MinimumVisualStudioVersion = 10.0.40219.1
Project("{FAE04EC0-301F-11D3-BF4B-00C04F79EFBC}") = "ApidoZion", "ApidoZion.csproj", "{D7321933-E202-553A-B33C-DD7F6B2472D7}"
EndProject
Global
	GlobalSection(SolutionConfigurationPlatforms) = preSolution
		Debug|Any CPU = Debug|Any CPU
		Release|Any CPU = Release|Any CPU
	EndGlobalSection
	GlobalSection(ProjectConfigurationPlatforms) = postSolution
		{D7321933-E202-553A-B33C-DD7F6B2472D7}.Debug|Any CPU.ActiveCfg = Debug|Any CPU
		{D7321933-E202-553A-B33C-DD7F6B2472D7}.Debug|Any CPU.Build.0 = Debug|Any CPU
		{D7321933-E202-553A-B33C-DD7F6B2472D7}.Release|Any CPU.ActiveCfg = Release|Any CPU
		{D7321933-E202-553A-B33C-DD7F6B2472D7}.Release|Any CPU.Build.0 = Release|Any CPU
	EndGlobalSection
	GlobalSection(SolutionProperties) = preSolution
		HideSolutionNode = FALSE
	EndGlobalSection
	GlobalSection(ExtensibilityGlobals) = postSolution
		SolutionGuid = {E34EA439-2C4E-4DE2-AFE8-D43ECF240188}
	EndGlobalSection
EndGlobal
